{
  "name": "xsoverlayyt",
  "lockfileVersion": 2,
  "requires": true,
  "packages": {
    "": {
      "dependencies": {
        "xsnotifier": "^0.5.1"
      }
    },
    "node_modules/@types/node": {
      "version": "18.11.18",
      "resolved": "https://registry.npmjs.org/@types/node/-/node-18.11.18.tgz",
      "integrity": "sha512-DHQpWGjyQKSHj3ebjFI/wRKcqQcdR+MoFBygntYOZytCqNfkd2ZC4ARDJ2DQqhjH5p85Nnd3jhUJIXrszFX/JA=="
    },
    "node_modules/xsnotifier": {
      "version": "0.5.1",
      "resolved": "https://registry.npmjs.org/xsnotifier/-/xsnotifier-0.5.1.tgz",
      "integrity": "sha512-HpPR/rbZAbAV7NvffLd6FNEcym2tOaM/mWNeTi6CCyj62K0p7GJLlgLqNuAJOKLMJSWsLGpaX/+C2RuD8ihVVw==",
      "dependencies": {
        "@types/node": "^18.11.18"
      }
    }
  },
  "dependencies": {
    "@types/node": {
      "version": "18.11.18",
      "resolved": "https://registry.npmjs.org/@types/node/-/node-18.11.18.tgz",
      "integrity": "sha512-DHQpWGjyQKSHj3ebjFI/wRKcqQcdR+MoFBygntYOZytCqNfkd2ZC4ARDJ2DQqhjH5p85Nnd3jhUJIXrszFX/JA=="
    },
    "xsnotifier": {
      "version": "0.5.1",
      "resolved": "https://registry.npmjs.org/xsnotifier/-/xsnotifier-0.5.1.tgz",
      "integrity": "sha512-HpPR/rbZAbAV7NvffLd6FNEcym2tOaM/mWNeTi6CCyj62K0p7GJLlgLqNuAJOKLMJSWsLGpaX/+C2RuD8ihVVw==",
      "requires": {
        "@types/node": "^18.11.18"
      }
    }
  }
}
